
Microsoft Visual Studio Solution File, Format Version 12.00
# Visual Studio Version 16
VisualStudioVersion = 16.0.810.7
MinimumVisualStudioVersion = 10.0.40219.1
Project("{FAE04EC0-301F-11D3-BF4B-00C04F79EFBC}") = "CustomerRewardsService", "CustomerRewardsService\CustomerRewardsService.csproj", "{3E7A4C6A-5EC5-47D1-9426-F02F5C60F01D}"
EndProject
Project("{FAE04EC0-301F-11D3-BF4B-00C04F79EFBC}") = "CustomerRewardsServiceTests", "CustomerRewardsServiceTests\CustomerRewardsServiceTests.csproj", "{BD850302-34AE-4F16-9CE2-FC7397B66C41}"
EndProject
Global
	GlobalSection(SolutionConfigurationPlatforms) = preSolution
		Debug|Any CPU = Debug|Any CPU
		Release|Any CPU = Release|Any CPU
	EndGlobalSection
	GlobalSection(ProjectConfigurationPlatforms) = postSolution
		{3E7A4C6A-5EC5-47D1-9426-F02F5C60F01D}.Debug|Any CPU.ActiveCfg = Debug|Any CPU
		{3E7A4C6A-5EC5-47D1-9426-F02F5C60F01D}.Debug|Any CPU.Build.0 = Debug|Any CPU
		{3E7A4C6A-5EC5-47D1-9426-F02F5C60F01D}.Release|Any CPU.ActiveCfg = Release|Any CPU
		{3E7A4C6A-5EC5-47D1-9426-F02F5C60F01D}.Release|Any CPU.Build.0 = Release|Any CPU
		{BD850302-34AE-4F16-9CE2-FC7397B66C41}.Debug|Any CPU.ActiveCfg = Debug|Any CPU
		{BD850302-34AE-4F16-9CE2-FC7397B66C41}.Debug|Any CPU.Build.0 = Debug|Any CPU
		{BD850302-34AE-4F16-9CE2-FC7397B66C41}.Release|Any CPU.ActiveCfg = Release|Any CPU
		{BD850302-34AE-4F16-9CE2-FC7397B66C41}.Release|Any CPU.Build.0 = Release|Any CPU
	EndGlobalSection
	GlobalSection(SolutionProperties) = preSolution
		HideSolutionNode = FALSE
	EndGlobalSection
	GlobalSection(ExtensibilityGlobals) = postSolution
		SolutionGuid = {EDB3D29F-E04B-409A-9821-128A4B1ED276}
	EndGlobalSection
EndGlobal
